// !$*UTF8*$!
{
	archiveVersion = 1;
	classes = {
	};
	objectVersion = 46;
	objects = {

/* Begin PBXBuildFile section */
		3A3728AD1E5032CE004D92FB /* GoogleService-Info.plist in Resources */ = {isa = PBXBuildFile; fileRef = 3A3728AC1E5032CE004D92FB /* GoogleService-Info.plist */; };
		3A9A59892102FC32001230D2 /* HomeRemedy.swift in Sources */ = {isa = PBXBuildFile; fileRef = 3A9A59882102FC32001230D2 /* HomeRemedy.swift */; };
		3A9A598D2103030C001230D2 /* GymAlternatives.swift in Sources */ = {isa = PBXBuildFile; fileRef = 3A9A598C2103030C001230D2 /* GymAlternatives.swift */; };
		3AA477101E61898C003AB322 /* URL_Gym.swift in Sources */ = {isa = PBXBuildFile; fileRef = 3AA4770F1E61898C003AB322 /* URL_Gym.swift */; };
		3AB3FDCB1E3D0B1C00B18B61 /* VyayamshalaConstants.swift in Sources */ = {isa = PBXBuildFile; fileRef = 3AB3FDCA1E3D0B1C00B18B61 /* VyayamshalaConstants.swift */; };
		3AB4D8A220FD0BBC0002B891 /* HomePresenter.swift in Sources */ = {isa = PBXBuildFile; fileRef = 3AB4D89C20FD0BBC0002B891 /* HomePresenter.swift */; };
		3AB4D8A320FD0BBC0002B891 /* HomeProtocols.swift in Sources */ = {isa = PBXBuildFile; fileRef = 3AB4D89D20FD0BBC0002B891 /* HomeProtocols.swift */; };
		3AB4D8A420FD0BBC0002B891 /* HomeRouter.swift in Sources */ = {isa = PBXBuildFile; fileRef = 3AB4D89E20FD0BBC0002B891 /* HomeRouter.swift */; };
		3AB4D8A520FD0BBC0002B891 /* HomeViewController.swift in Sources */ = {isa = PBXBuildFile; fileRef = 3AB4D89F20FD0BBC0002B891 /* HomeViewController.swift */; };
		3AB4D8A820FD0C0C0002B891 /* Vyayamshala.storyboard in Resources */ = {isa = PBXBuildFile; fileRef = 3AB4D8A720FD0C0C0002B891 /* Vyayamshala.storyboard */; };
		3AB4D8AB20FD15FD0002B891 /* NavigationViewController.swift in Sources */ = {isa = PBXBuildFile; fileRef = 3AB4D8AA20FD15FD0002B891 /* NavigationViewController.swift */; };
		3ABA55EF1E3BCD4E00CFD24D /* AppDelegate.swift in Sources */ = {isa = PBXBuildFile; fileRef = 3ABA55EE1E3BCD4E00CFD24D /* AppDelegate.swift */; };
		3ABA55F71E3BCD4E00CFD24D /* Vyayamshala.xcdatamodeld in Sources */ = {isa = PBXBuildFile; fileRef = 3ABA55F51E3BCD4E00CFD24D /* Vyayamshala.xcdatamodeld */; };
		3ABA55F91E3BCD4E00CFD24D /* Assets.xcassets in Resources */ = {isa = PBXBuildFile; fileRef = 3ABA55F81E3BCD4E00CFD24D /* Assets.xcassets */; };
		3ABA55FC1E3BCD4E00CFD24D /* LaunchScreen.storyboard in Resources */ = {isa = PBXBuildFile; fileRef = 3ABA55FA1E3BCD4E00CFD24D /* LaunchScreen.storyboard */; };
		3ABA56071E3BCD4E00CFD24D /* VyayamshalaTests.swift in Sources */ = {isa = PBXBuildFile; fileRef = 3ABA56061E3BCD4E00CFD24D /* VyayamshalaTests.swift */; };
		3ABA56121E3BCD4E00CFD24D /* VyayamshalaUITests.swift in Sources */ = {isa = PBXBuildFile; fileRef = 3ABA56111E3BCD4E00CFD24D /* VyayamshalaUITests.swift */; };
		3ABE03BE20FDA44E00D0208F /* HomeTableViewCell.swift in Sources */ = {isa = PBXBuildFile; fileRef = 3ABE03BD20FDA44E00D0208F /* HomeTableViewCell.swift */; };
		3ABED6382101859400A26167 /* PeopleNameStories.swift in Sources */ = {isa = PBXBuildFile; fileRef = 3ABED6372101859400A26167 /* PeopleNameStories.swift */; };
		3AC0F4F82100E3AA007DFC1D /* PeopleAndStoriesInteractor.swift in Sources */ = {isa = PBXBuildFile; fileRef = 3AC0F4F22100E3AA007DFC1D /* PeopleAndStoriesInteractor.swift */; };
		3AC0F4F92100E3AA007DFC1D /* PeopleAndStoriesPresenter.swift in Sources */ = {isa = PBXBuildFile; fileRef = 3AC0F4F32100E3AA007DFC1D /* PeopleAndStoriesPresenter.swift */; };
		3AC0F4FA2100E3AA007DFC1D /* PeopleAndStoriesProtocols.swift in Sources */ = {isa = PBXBuildFile; fileRef = 3AC0F4F42100E3AA007DFC1D /* PeopleAndStoriesProtocols.swift */; };
		3AC0F4FB2100E3AA007DFC1D /* PeopleAndStoriesRouter.swift in Sources */ = {isa = PBXBuildFile; fileRef = 3AC0F4F52100E3AA007DFC1D /* PeopleAndStoriesRouter.swift */; };
		3AC0F4FC2100E3AA007DFC1D /* PeopleAndStoriesViewController.swift in Sources */ = {isa = PBXBuildFile; fileRef = 3AC0F4F62100E3AA007DFC1D /* PeopleAndStoriesViewController.swift */; };
		3AC0F5002100E57A007DFC1D /* PeopleScrollTableViewCell.swift in Sources */ = {isa = PBXBuildFile; fileRef = 3AC0F4FF2100E57A007DFC1D /* PeopleScrollTableViewCell.swift */; };
		3AC0F5022100E590007DFC1D /* StoriesTableViewCell.swift in Sources */ = {isa = PBXBuildFile; fileRef = 3AC0F5012100E590007DFC1D /* StoriesTableViewCell.swift */; };
		3AC3433E21035FD700019440 /* FitnessAndDietPresenter.swift in Sources */ = {isa = PBXBuildFile; fileRef = 3AC3433821035FD700019440 /* FitnessAndDietPresenter.swift */; };
		3AC3433F21035FD700019440 /* FitnessAndDietProtocols.swift in Sources */ = {isa = PBXBuildFile; fileRef = 3AC3433921035FD700019440 /* FitnessAndDietProtocols.swift */; };
		3AC3434021035FD700019440 /* FitnessAndDietRouter.swift in Sources */ = {isa = PBXBuildFile; fileRef = 3AC3433A21035FD700019440 /* FitnessAndDietRouter.swift */; };
		3AC3434121035FD700019440 /* FitnessAndDietViewController.swift in Sources */ = {isa = PBXBuildFile; fileRef = 3AC3433B21035FD700019440 /* FitnessAndDietViewController.swift */; };
		3AC343452103639200019440 /* HomeModel.swift in Sources */ = {isa = PBXBuildFile; fileRef = 3AC343442103639200019440 /* HomeModel.swift */; };
		3AC3434821037C0F00019440 /* Food.swift in Sources */ = {isa = PBXBuildFile; fileRef = 3AC3434721037C0F00019440 /* Food.swift */; };
		3AC3434A21037CDA00019440 /* Fitness.swift in Sources */ = {isa = PBXBuildFile; fileRef = 3AC3434921037CDA00019440 /* Fitness.swift */; };
		3AC3434D2103805100019440 /* FoodNFitnessCollectionViewCell.swift in Sources */ = {isa = PBXBuildFile; fileRef = 3AC3434C2103805100019440 /* FoodNFitnessCollectionViewCell.swift */; };
		3AC8C6561E60B8FC00032665 /* URL_Food.swift in Sources */ = {isa = PBXBuildFile; fileRef = 3AC8C6551E60B8FC00032665 /* URL_Food.swift */; };
		3ACA929E2100336B00032BC0 /* Util.swift in Sources */ = {isa = PBXBuildFile; fileRef = 3ACA929D2100336B00032BC0 /* Util.swift */; };
		3AD22EB721023F5600CCE4AE /* GymAlternativeHomeRemediesPresenter.swift in Sources */ = {isa = PBXBuildFile; fileRef = 3AD22EB121023F5600CCE4AE /* GymAlternativeHomeRemediesPresenter.swift */; };
		3AD22EB821023F5600CCE4AE /* GymAlternativeHomeRemediesProtocols.swift in Sources */ = {isa = PBXBuildFile; fileRef = 3AD22EB221023F5600CCE4AE /* GymAlternativeHomeRemediesProtocols.swift */; };
		3AD22EB921023F5600CCE4AE /* GymAlternativeHomeRemediesRouter.swift in Sources */ = {isa = PBXBuildFile; fileRef = 3AD22EB321023F5600CCE4AE /* GymAlternativeHomeRemediesRouter.swift */; };
		3AD22EBA21023F5600CCE4AE /* GymAlternativeHomeRemediesViewController.swift in Sources */ = {isa = PBXBuildFile; fileRef = 3AD22EB421023F5600CCE4AE /* GymAlternativeHomeRemediesViewController.swift */; };
		3AD22EBF2102410000CCE4AE /* GymAletnativesHomeRemediesCollectionViewCell.swift in Sources */ = {isa = PBXBuildFile; fileRef = 3AD22EBE2102410000CCE4AE /* GymAletnativesHomeRemediesCollectionViewCell.swift */; };
		3AD5641E21034E8D00CFA682 /* CircularLabel.swift in Sources */ = {isa = PBXBuildFile; fileRef = 3AD5641D21034E8D00CFA682 /* CircularLabel.swift */; };
		3ADDD90D2100ED7500B36A0F /* Extensions.swift in Sources */ = {isa = PBXBuildFile; fileRef = 3ADDD90C2100ED7500B36A0F /* Extensions.swift */; };
		3ADDD90F2100F5A100B36A0F /* PeopleCollectionViewCell.swift in Sources */ = {isa = PBXBuildFile; fileRef = 3ADDD90E2100F5A100B36A0F /* PeopleCollectionViewCell.swift */; };
		8E207DCDC6B2E9060A5AFC84 /* Pods_VyayamshalaTests.framework in Frameworks */ = {isa = PBXBuildFile; fileRef = E92AEA3364CB028F59D3B4BE /* Pods_VyayamshalaTests.framework */; };
		8FFA6182729C4B7BA5CB6945 /* Pods_VyayamshalaUITests.framework in Frameworks */ = {isa = PBXBuildFile; fileRef = D6BF236C1FD0B2D84D47FA55 /* Pods_VyayamshalaUITests.framework */; };
		B8CF1CFE802B882AD9159AB0 /* Pods_Vyayamshala.framework in Frameworks */ = {isa = PBXBuildFile; fileRef = 1306E50B99BBD5C7530D9396 /* Pods_Vyayamshala.framework */; };
/* End PBXBuildFile section */

/* Begin PBXContainerItemProxy section */
		3ABA56031E3BCD4E00CFD24D /* PBXContainerItemProxy */ = {
			isa = PBXContainerItemProxy;
			containerPortal = 3ABA55E31E3BCD4D00CFD24D /* Project object */;
			proxyType = 1;
			remoteGlobalIDString = 3ABA55EA1E3BCD4D00CFD24D;
			remoteInfo = Vyayamshala;
		};
		3ABA560E1E3BCD4E00CFD24D /* PBXContainerItemProxy */ = {
			isa = PBXContainerItemProxy;
			containerPortal = 3ABA55E31E3BCD4D00CFD24D /* Project object */;
			proxyType = 1;
			remoteGlobalIDString = 3ABA55EA1E3BCD4D00CFD24D;
			remoteInfo = Vyayamshala;
		};
/* End PBXContainerItemProxy section */

/* Begin PBXFileReference section */
		0DFD41AAD5870B3B00E1E0F8 /* Pods-Vyayamshala.debug.xcconfig */ = {isa = PBXFileReference; includeInIndex = 1; lastKnownFileType = text.xcconfig; name = "Pods-Vyayamshala.debug.xcconfig"; path = "Pods/Target Support Files/Pods-Vyayamshala/Pods-Vyayamshala.debug.xcconfig"; sourceTree = "<group>"; };
		1306E50B99BBD5C7530D9396 /* Pods_Vyayamshala.framework */ = {isa = PBXFileReference; explicitFileType = wrapper.framework; includeInIndex = 0; path = Pods_Vyayamshala.framework; sourceTree = BUILT_PRODUCTS_DIR; };
		3A21FBA61E5F807F002E3220 /* Vyayamshala-Bridging-Header.h */ = {isa = PBXFileReference; lastKnownFileType = sourcecode.c.h; path = "Vyayamshala-Bridging-Header.h"; sourceTree = "<group>"; };
		3A3728AC1E5032CE004D92FB /* GoogleService-Info.plist */ = {isa = PBXFileReference; fileEncoding = 4; lastKnownFileType = text.plist.xml; path = "GoogleService-Info.plist"; sourceTree = "<group>"; };
		3A9A59882102FC32001230D2 /* HomeRemedy.swift */ = {isa = PBXFileReference; lastKnownFileType = sourcecode.swift; path = HomeRemedy.swift; sourceTree = "<group>"; };
		3A9A598C2103030C001230D2 /* GymAlternatives.swift */ = {isa = PBXFileReference; fileEncoding = 4; lastKnownFileType = sourcecode.swift; path = GymAlternatives.swift; sourceTree = "<group>"; };
		3AA4770F1E61898C003AB322 /* URL_Gym.swift */ = {isa = PBXFileReference; fileEncoding = 4; lastKnownFileType = sourcecode.swift; path = URL_Gym.swift; sourceTree = "<group>"; };
		3AB3FDCA1E3D0B1C00B18B61 /* VyayamshalaConstants.swift */ = {isa = PBXFileReference; fileEncoding = 4; lastKnownFileType = sourcecode.swift; path = VyayamshalaConstants.swift; sourceTree = "<group>"; };
		3AB4D89C20FD0BBC0002B891 /* HomePresenter.swift */ = {isa = PBXFileReference; lastKnownFileType = sourcecode.swift; path = HomePresenter.swift; sourceTree = "<group>"; };
		3AB4D89D20FD0BBC0002B891 /* HomeProtocols.swift */ = {isa = PBXFileReference; lastKnownFileType = sourcecode.swift; path = HomeProtocols.swift; sourceTree = "<group>"; };
		3AB4D89E20FD0BBC0002B891 /* HomeRouter.swift */ = {isa = PBXFileReference; lastKnownFileType = sourcecode.swift; path = HomeRouter.swift; sourceTree = "<group>"; };
		3AB4D89F20FD0BBC0002B891 /* HomeViewController.swift */ = {isa = PBXFileReference; lastKnownFileType = sourcecode.swift; path = HomeViewController.swift; sourceTree = "<group>"; };
		3AB4D8A720FD0C0C0002B891 /* Vyayamshala.storyboard */ = {isa = PBXFileReference; lastKnownFileType = file.storyboard; path = Vyayamshala.storyboard; sourceTree = "<group>"; };
		3AB4D8AA20FD15FD0002B891 /* NavigationViewController.swift */ = {isa = PBXFileReference; lastKnownFileType = sourcecode.swift; path = NavigationViewController.swift; sourceTree = "<group>"; };
		3ABA55EB1E3BCD4E00CFD24D /* Vyayamshala.app */ = {isa = PBXFileReference; explicitFileType = wrapper.application; includeInIndex = 0; path = Vyayamshala.app; sourceTree = BUILT_PRODUCTS_DIR; };
		3ABA55EE1E3BCD4E00CFD24D /* AppDelegate.swift */ = {isa = PBXFileReference; lastKnownFileType = sourcecode.swift; path = AppDelegate.swift; sourceTree = "<group>"; };
		3ABA55F61E3BCD4E00CFD24D /* Vyayamshala.xcdatamodel */ = {isa = PBXFileReference; lastKnownFileType = wrapper.xcdatamodel; path = Vyayamshala.xcdatamodel; sourceTree = "<group>"; };
		3ABA55F81E3BCD4E00CFD24D /* Assets.xcassets */ = {isa = PBXFileReference; lastKnownFileType = folder.assetcatalog; path = Assets.xcassets; sourceTree = "<group>"; };
		3ABA55FB1E3BCD4E00CFD24D /* Base */ = {isa = PBXFileReference; lastKnownFileType = file.storyboard; name = Base; path = Base.lproj/LaunchScreen.storyboard; sourceTree = "<group>"; };
		3ABA55FD1E3BCD4E00CFD24D /* Info.plist */ = {isa = PBXFileReference; lastKnownFileType = text.plist.xml; path = Info.plist; sourceTree = "<group>"; };
		3ABA56021E3BCD4E00CFD24D /* VyayamshalaTests.xctest */ = {isa = PBXFileReference; explicitFileType = wrapper.cfbundle; includeInIndex = 0; path = VyayamshalaTests.xctest; sourceTree = BUILT_PRODUCTS_DIR; };
		3ABA56061E3BCD4E00CFD24D /* VyayamshalaTests.swift */ = {isa = PBXFileReference; lastKnownFileType = sourcecode.swift; path = VyayamshalaTests.swift; sourceTree = "<group>"; };
		3ABA56081E3BCD4E00CFD24D /* Info.plist */ = {isa = PBXFileReference; lastKnownFileType = text.plist.xml; path = Info.plist; sourceTree = "<group>"; };
		3ABA560D1E3BCD4E00CFD24D /* VyayamshalaUITests.xctest */ = {isa = PBXFileReference; explicitFileType = wrapper.cfbundle; includeInIndex = 0; path = VyayamshalaUITests.xctest; sourceTree = BUILT_PRODUCTS_DIR; };
		3ABA56111E3BCD4E00CFD24D /* VyayamshalaUITests.swift */ = {isa = PBXFileReference; lastKnownFileType = sourcecode.swift; path = VyayamshalaUITests.swift; sourceTree = "<group>"; };
		3ABA56131E3BCD4E00CFD24D /* Info.plist */ = {isa = PBXFileReference; lastKnownFileType = text.plist.xml; path = Info.plist; sourceTree = "<group>"; };
		3ABE03BD20FDA44E00D0208F /* HomeTableViewCell.swift */ = {isa = PBXFileReference; lastKnownFileType = sourcecode.swift; path = HomeTableViewCell.swift; sourceTree = "<group>"; };
		3ABED6372101859400A26167 /* PeopleNameStories.swift */ = {isa = PBXFileReference; lastKnownFileType = sourcecode.swift; path = PeopleNameStories.swift; sourceTree = "<group>"; };
		3AC0F4F22100E3AA007DFC1D /* PeopleAndStoriesInteractor.swift */ = {isa = PBXFileReference; lastKnownFileType = sourcecode.swift; path = PeopleAndStoriesInteractor.swift; sourceTree = "<group>"; };
		3AC0F4F32100E3AA007DFC1D /* PeopleAndStoriesPresenter.swift */ = {isa = PBXFileReference; lastKnownFileType = sourcecode.swift; path = PeopleAndStoriesPresenter.swift; sourceTree = "<group>"; };
		3AC0F4F42100E3AA007DFC1D /* PeopleAndStoriesProtocols.swift */ = {isa = PBXFileReference; lastKnownFileType = sourcecode.swift; path = PeopleAndStoriesProtocols.swift; sourceTree = "<group>"; };
		3AC0F4F52100E3AA007DFC1D /* PeopleAndStoriesRouter.swift */ = {isa = PBXFileReference; lastKnownFileType = sourcecode.swift; path = PeopleAndStoriesRouter.swift; sourceTree = "<group>"; };
		3AC0F4F62100E3AA007DFC1D /* PeopleAndStoriesViewController.swift */ = {isa = PBXFileReference; lastKnownFileType = sourcecode.swift; path = PeopleAndStoriesViewController.swift; sourceTree = "<group>"; };
		3AC0F4FF2100E57A007DFC1D /* PeopleScrollTableViewCell.swift */ = {isa = PBXFileReference; lastKnownFileType = sourcecode.swift; path = PeopleScrollTableViewCell.swift; sourceTree = "<group>"; };
		3AC0F5012100E590007DFC1D /* StoriesTableViewCell.swift */ = {isa = PBXFileReference; lastKnownFileType = sourcecode.swift; path = StoriesTableViewCell.swift; sourceTree = "<group>"; };
		3AC3433821035FD700019440 /* FitnessAndDietPresenter.swift */ = {isa = PBXFileReference; lastKnownFileType = sourcecode.swift; path = FitnessAndDietPresenter.swift; sourceTree = "<group>"; };
		3AC3433921035FD700019440 /* FitnessAndDietProtocols.swift */ = {isa = PBXFileReference; lastKnownFileType = sourcecode.swift; path = FitnessAndDietProtocols.swift; sourceTree = "<group>"; };
		3AC3433A21035FD700019440 /* FitnessAndDietRouter.swift */ = {isa = PBXFileReference; lastKnownFileType = sourcecode.swift; path = FitnessAndDietRouter.swift; sourceTree = "<group>"; };
		3AC3433B21035FD700019440 /* FitnessAndDietViewController.swift */ = {isa = PBXFileReference; lastKnownFileType = sourcecode.swift; path = FitnessAndDietViewController.swift; sourceTree = "<group>"; };
		3AC343442103639200019440 /* HomeModel.swift */ = {isa = PBXFileReference; lastKnownFileType = sourcecode.swift; path = HomeModel.swift; sourceTree = "<group>"; };
		3AC3434721037C0F00019440 /* Food.swift */ = {isa = PBXFileReference; lastKnownFileType = sourcecode.swift; path = Food.swift; sourceTree = "<group>"; };
		3AC3434921037CDA00019440 /* Fitness.swift */ = {isa = PBXFileReference; lastKnownFileType = sourcecode.swift; path = Fitness.swift; sourceTree = "<group>"; };
		3AC3434C2103805100019440 /* FoodNFitnessCollectionViewCell.swift */ = {isa = PBXFileReference; lastKnownFileType = sourcecode.swift; path = FoodNFitnessCollectionViewCell.swift; sourceTree = "<group>"; };
		3AC8C6551E60B8FC00032665 /* URL_Food.swift */ = {isa = PBXFileReference; fileEncoding = 4; lastKnownFileType = sourcecode.swift; path = URL_Food.swift; sourceTree = "<group>"; };
		3ACA929D2100336B00032BC0 /* Util.swift */ = {isa = PBXFileReference; lastKnownFileType = sourcecode.swift; path = Util.swift; sourceTree = "<group>"; };
		3AD22EB121023F5600CCE4AE /* GymAlternativeHomeRemediesPresenter.swift */ = {isa = PBXFileReference; lastKnownFileType = sourcecode.swift; path = GymAlternativeHomeRemediesPresenter.swift; sourceTree = "<group>"; };
		3AD22EB221023F5600CCE4AE /* GymAlternativeHomeRemediesProtocols.swift */ = {isa = PBXFileReference; lastKnownFileType = sourcecode.swift; path = GymAlternativeHomeRemediesProtocols.swift; sourceTree = "<group>"; };
		3AD22EB321023F5600CCE4AE /* GymAlternativeHomeRemediesRouter.swift */ = {isa = PBXFileReference; lastKnownFileType = sourcecode.swift; path = GymAlternativeHomeRemediesRouter.swift; sourceTree = "<group>"; };
		3AD22EB421023F5600CCE4AE /* GymAlternativeHomeRemediesViewController.swift */ = {isa = PBXFileReference; lastKnownFileType = sourcecode.swift; path = GymAlternativeHomeRemediesViewController.swift; sourceTree = "<group>"; };
		3AD22EBE2102410000CCE4AE /* GymAletnativesHomeRemediesCollectionViewCell.swift */ = {isa = PBXFileReference; lastKnownFileType = sourcecode.swift; path = GymAletnativesHomeRemediesCollectionViewCell.swift; sourceTree = "<group>"; };
		3AD5641D21034E8D00CFA682 /* CircularLabel.swift */ = {isa = PBXFileReference; lastKnownFileType = sourcecode.swift; path = CircularLabel.swift; sourceTree = "<group>"; };
		3ADDD90C2100ED7500B36A0F /* Extensions.swift */ = {isa = PBXFileReference; lastKnownFileType = sourcecode.swift; path = Extensions.swift; sourceTree = "<group>"; };
		3ADDD90E2100F5A100B36A0F /* PeopleCollectionViewCell.swift */ = {isa = PBXFileReference; lastKnownFileType = sourcecode.swift; path = PeopleCollectionViewCell.swift; sourceTree = "<group>"; };
		A3362A70B58014E0B59F8208 /* Pods-Vyayamshala.release.xcconfig */ = {isa = PBXFileReference; includeInIndex = 1; lastKnownFileType = text.xcconfig; name = "Pods-Vyayamshala.release.xcconfig"; path = "Pods/Target Support Files/Pods-Vyayamshala/Pods-Vyayamshala.release.xcconfig"; sourceTree = "<group>"; };
		C2F75410F963C8BAC099F4CA /* Pods-VyayamshalaUITests.debug.xcconfig */ = {isa = PBXFileReference; includeInIndex = 1; lastKnownFileType = text.xcconfig; name = "Pods-VyayamshalaUITests.debug.xcconfig"; path = "Pods/Target Support Files/Pods-VyayamshalaUITests/Pods-VyayamshalaUITests.debug.xcconfig"; sourceTree = "<group>"; };
		D6BF236C1FD0B2D84D47FA55 /* Pods_VyayamshalaUITests.framework */ = {isa = PBXFileReference; explicitFileType = wrapper.framework; includeInIndex = 0; path = Pods_VyayamshalaUITests.framework; sourceTree = BUILT_PRODUCTS_DIR; };
		DFD2D4868B1148114DE51CEE /* Pods-VyayamshalaTests.debug.xcconfig */ = {isa = PBXFileReference; includeInIndex = 1; lastKnownFileType = text.xcconfig; name = "Pods-VyayamshalaTests.debug.xcconfig"; path = "Pods/Target Support Files/Pods-VyayamshalaTests/Pods-VyayamshalaTests.debug.xcconfig"; sourceTree = "<group>"; };
		E798704858E819C2E21F5F6E /* Pods-VyayamshalaUITests.release.xcconfig */ = {isa = PBXFileReference; includeInIndex = 1; lastKnownFileType = text.xcconfig; name = "Pods-VyayamshalaUITests.release.xcconfig"; path = "Pods/Target Support Files/Pods-VyayamshalaUITests/Pods-VyayamshalaUITests.release.xcconfig"; sourceTree = "<group>"; };
		E92AEA3364CB028F59D3B4BE /* Pods_VyayamshalaTests.framework */ = {isa = PBXFileReference; explicitFileType = wrapper.framework; includeInIndex = 0; path = Pods_VyayamshalaTests.framework; sourceTree = BUILT_PRODUCTS_DIR; };
		EAE96B8E8AC9F6AB31D27370 /* Pods-VyayamshalaTests.release.xcconfig */ = {isa = PBXFileReference; includeInIndex = 1; lastKnownFileType = text.xcconfig; name = "Pods-VyayamshalaTests.release.xcconfig"; path = "Pods/Target Support Files/Pods-VyayamshalaTests/Pods-VyayamshalaTests.release.xcconfig"; sourceTree = "<group>"; };
/* End PBXFileReference section */

/* Begin PBXFrameworksBuildPhase section */
		3ABA55E81E3BCD4D00CFD24D /* Frameworks */ = {
			isa = PBXFrameworksBuildPhase;
			buildActionMask = 2147483647;
			files = (
				B8CF1CFE802B882AD9159AB0 /* Pods_Vyayamshala.framework in Frameworks */,
			);
			runOnlyForDeploymentPostprocessing = 0;
		};
		3ABA55FF1E3BCD4E00CFD24D /* Frameworks */ = {
			isa = PBXFrameworksBuildPhase;
			buildActionMask = 2147483647;
			files = (
				8E207DCDC6B2E9060A5AFC84 /* Pods_VyayamshalaTests.framework in Frameworks */,
			);
			runOnlyForDeploymentPostprocessing = 0;
		};
		3ABA560A1E3BCD4E00CFD24D /* Frameworks */ = {
			isa = PBXFrameworksBuildPhase;
			buildActionMask = 2147483647;
			files = (
				8FFA6182729C4B7BA5CB6945 /* Pods_VyayamshalaUITests.framework in Frameworks */,
			);
			runOnlyForDeploymentPostprocessing = 0;
		};
/* End PBXFrameworksBuildPhase section */

/* Begin PBXGroup section */
		3A1D94991E46E98100CDF890 /* GymAlernatives */ = {
			isa = PBXGroup;
			children = (
				3AD22EBC210240A200CCE4AE /* cell */,
				3AD22EBD210240AF00CCE4AE /* Model */,
				3AD22EB121023F5600CCE4AE /* GymAlternativeHomeRemediesPresenter.swift */,
				3AD22EB221023F5600CCE4AE /* GymAlternativeHomeRemediesProtocols.swift */,
				3AD22EB321023F5600CCE4AE /* GymAlternativeHomeRemediesRouter.swift */,
				3AD22EB421023F5600CCE4AE /* GymAlternativeHomeRemediesViewController.swift */,
			);
			name = GymAlernatives;
			sourceTree = "<group>";
		};
		3AB3FDBE1E3C89FB00B18B61 /* FitnessAndDiet */ = {
			isa = PBXGroup;
			children = (
				3AC3434B2103802D00019440 /* cell */,
				3AC3434621037BE900019440 /* Model */,
				3AC3433821035FD700019440 /* FitnessAndDietPresenter.swift */,
				3AC3433921035FD700019440 /* FitnessAndDietProtocols.swift */,
				3AC3433A21035FD700019440 /* FitnessAndDietRouter.swift */,
				3AC3433B21035FD700019440 /* FitnessAndDietViewController.swift */,
			);
			name = FitnessAndDiet;
			sourceTree = "<group>";
		};
		3AB4D89A20FD0B8B0002B891 /* Home */ = {
			isa = PBXGroup;
			children = (
				3AC343432103637C00019440 /* Model */,
				3ABE03BC20FDA41400D0208F /* Cell */,
				3AB4D89C20FD0BBC0002B891 /* HomePresenter.swift */,
				3AB4D89D20FD0BBC0002B891 /* HomeProtocols.swift */,
				3AB4D89E20FD0BBC0002B891 /* HomeRouter.swift */,
				3AB4D89F20FD0BBC0002B891 /* HomeViewController.swift */,
			);
			name = Home;
			sourceTree = "<group>";
		};
		3AB4D8A920FD15D50002B891 /* Navigation */ = {
			isa = PBXGroup;
			children = (
				3AB4D8AA20FD15FD0002B891 /* NavigationViewController.swift */,
			);
			name = Navigation;
			sourceTree = "<group>";
		};
		3ABA55E21E3BCD4D00CFD24D = {
			isa = PBXGroup;
			children = (
				3ABA55ED1E3BCD4E00CFD24D /* Vyayamshala */,
				3ABA56051E3BCD4E00CFD24D /* VyayamshalaTests */,
				3ABA56101E3BCD4E00CFD24D /* VyayamshalaUITests */,
				3ABA55EC1E3BCD4E00CFD24D /* Products */,
				746AAEDCE29E73DFA39822CD /* Pods */,
				6C465C14259981A698571BDC /* Frameworks */,
				3A21FBA61E5F807F002E3220 /* Vyayamshala-Bridging-Header.h */,
			);
			sourceTree = "<group>";
		};
		3ABA55EC1E3BCD4E00CFD24D /* Products */ = {
			isa = PBXGroup;
			children = (
				3ABA55EB1E3BCD4E00CFD24D /* Vyayamshala.app */,
				3ABA56021E3BCD4E00CFD24D /* VyayamshalaTests.xctest */,
				3ABA560D1E3BCD4E00CFD24D /* VyayamshalaUITests.xctest */,
			);
			name = Products;
			sourceTree = "<group>";
		};
		3ABA55ED1E3BCD4E00CFD24D /* Vyayamshala */ = {
			isa = PBXGroup;
			children = (
				3ABA55EE1E3BCD4E00CFD24D /* AppDelegate.swift */,
				3AB4D8A720FD0C0C0002B891 /* Vyayamshala.storyboard */,
				3AC0F4E72100DCFB007DFC1D /* PeopleAndStories */,
				3ACA929C2100334B00032BC0 /* Utils */,
				3AB4D8A920FD15D50002B891 /* Navigation */,
				3AB4D89A20FD0B8B0002B891 /* Home */,
				3A1D94991E46E98100CDF890 /* GymAlernatives */,
				3AB3FDBE1E3C89FB00B18B61 /* FitnessAndDiet */,
				3ABA55F81E3BCD4E00CFD24D /* Assets.xcassets */,
				3ABA55FA1E3BCD4E00CFD24D /* LaunchScreen.storyboard */,
				3ABA55FD1E3BCD4E00CFD24D /* Info.plist */,
				3ABA55F51E3BCD4E00CFD24D /* Vyayamshala.xcdatamodeld */,
				3A3728AC1E5032CE004D92FB /* GoogleService-Info.plist */,
			);
			path = Vyayamshala;
			sourceTree = "<group>";
		};
		3ABA56051E3BCD4E00CFD24D /* VyayamshalaTests */ = {
			isa = PBXGroup;
			children = (
				3ABA56061E3BCD4E00CFD24D /* VyayamshalaTests.swift */,
				3ABA56081E3BCD4E00CFD24D /* Info.plist */,
			);
			path = VyayamshalaTests;
			sourceTree = "<group>";
		};
		3ABA56101E3BCD4E00CFD24D /* VyayamshalaUITests */ = {
			isa = PBXGroup;
			children = (
				3ABA56111E3BCD4E00CFD24D /* VyayamshalaUITests.swift */,
				3ABA56131E3BCD4E00CFD24D /* Info.plist */,
			);
			path = VyayamshalaUITests;
			sourceTree = "<group>";
		};
		3ABE03BC20FDA41400D0208F /* Cell */ = {
			isa = PBXGroup;
			children = (
				3ABE03BD20FDA44E00D0208F /* HomeTableViewCell.swift */,
			);
			name = Cell;
			sourceTree = "<group>";
		};
		3ABED6362101856E00A26167 /* Model */ = {
			isa = PBXGroup;
			children = (
				3ABED6372101859400A26167 /* PeopleNameStories.swift */,
			);
			name = Model;
			sourceTree = "<group>";
		};
		3AC0F4E72100DCFB007DFC1D /* PeopleAndStories */ = {
			isa = PBXGroup;
			children = (
				3ABED6362101856E00A26167 /* Model */,
				3AC0F4FE2100E4F8007DFC1D /* cell */,
				3AC0F4F22100E3AA007DFC1D /* PeopleAndStoriesInteractor.swift */,
				3AC0F4F32100E3AA007DFC1D /* PeopleAndStoriesPresenter.swift */,
				3AC0F4F42100E3AA007DFC1D /* PeopleAndStoriesProtocols.swift */,
				3AC0F4F52100E3AA007DFC1D /* PeopleAndStoriesRouter.swift */,
				3AC0F4F62100E3AA007DFC1D /* PeopleAndStoriesViewController.swift */,
			);
			name = PeopleAndStories;
			sourceTree = "<group>";
		};
		3AC0F4FE2100E4F8007DFC1D /* cell */ = {
			isa = PBXGroup;
			children = (
				3AC0F4FF2100E57A007DFC1D /* PeopleScrollTableViewCell.swift */,
				3AC0F5012100E590007DFC1D /* StoriesTableViewCell.swift */,
				3ADDD90E2100F5A100B36A0F /* PeopleCollectionViewCell.swift */,
			);
			name = cell;
			sourceTree = "<group>";
		};
		3AC343432103637C00019440 /* Model */ = {
			isa = PBXGroup;
			children = (
				3AC343442103639200019440 /* HomeModel.swift */,
			);
			name = Model;
			sourceTree = "<group>";
		};
		3AC3434621037BE900019440 /* Model */ = {
			isa = PBXGroup;
			children = (
				3AC3434721037C0F00019440 /* Food.swift */,
				3AC3434921037CDA00019440 /* Fitness.swift */,
			);
			name = Model;
			sourceTree = "<group>";
		};
		3AC3434B2103802D00019440 /* cell */ = {
			isa = PBXGroup;
			children = (
				3AC3434C2103805100019440 /* FoodNFitnessCollectionViewCell.swift */,
			);
			name = cell;
			sourceTree = "<group>";
		};
		3ACA929C2100334B00032BC0 /* Utils */ = {
			isa = PBXGroup;
			children = (
				3AB3FDCA1E3D0B1C00B18B61 /* VyayamshalaConstants.swift */,
				3AA4770F1E61898C003AB322 /* URL_Gym.swift */,
				3ACA929D2100336B00032BC0 /* Util.swift */,
				3ADDD90C2100ED7500B36A0F /* Extensions.swift */,
				3AC8C6551E60B8FC00032665 /* URL_Food.swift */,
				3AD5641D21034E8D00CFA682 /* CircularLabel.swift */,
			);
			name = Utils;
			sourceTree = "<group>";
		};
		3AD22EBC210240A200CCE4AE /* cell */ = {
			isa = PBXGroup;
			children = (
				3AD22EBE2102410000CCE4AE /* GymAletnativesHomeRemediesCollectionViewCell.swift */,
			);
			name = cell;
			sourceTree = "<group>";
		};
		3AD22EBD210240AF00CCE4AE /* Model */ = {
			isa = PBXGroup;
			children = (
				3A9A59882102FC32001230D2 /* HomeRemedy.swift */,
				3A9A598C2103030C001230D2 /* GymAlternatives.swift */,
			);
			name = Model;
			sourceTree = "<group>";
		};
		6C465C14259981A698571BDC /* Frameworks */ = {
			isa = PBXGroup;
			children = (
				1306E50B99BBD5C7530D9396 /* Pods_Vyayamshala.framework */,
				E92AEA3364CB028F59D3B4BE /* Pods_VyayamshalaTests.framework */,
				D6BF236C1FD0B2D84D47FA55 /* Pods_VyayamshalaUITests.framework */,
			);
			name = Frameworks;
			sourceTree = "<group>";
		};
		746AAEDCE29E73DFA39822CD /* Pods */ = {
			isa = PBXGroup;
			children = (
				0DFD41AAD5870B3B00E1E0F8 /* Pods-Vyayamshala.debug.xcconfig */,
				A3362A70B58014E0B59F8208 /* Pods-Vyayamshala.release.xcconfig */,
				DFD2D4868B1148114DE51CEE /* Pods-VyayamshalaTests.debug.xcconfig */,
				EAE96B8E8AC9F6AB31D27370 /* Pods-VyayamshalaTests.release.xcconfig */,
				C2F75410F963C8BAC099F4CA /* Pods-VyayamshalaUITests.debug.xcconfig */,
				E798704858E819C2E21F5F6E /* Pods-VyayamshalaUITests.release.xcconfig */,
			);
			name = Pods;
			sourceTree = "<group>";
		};
/* End PBXGroup section */

/* Begin PBXNativeTarget section */
		3ABA55EA1E3BCD4D00CFD24D /* Vyayamshala */ = {
			isa = PBXNativeTarget;
			buildConfigurationList = 3ABA56161E3BCD4E00CFD24D /* Build configuration list for PBXNativeTarget "Vyayamshala" */;
			buildPhases = (
				D74E6CA8A4CA327477D0A090 /* [CP] Check Pods Manifest.lock */,
				3ABA55E71E3BCD4D00CFD24D /* Sources */,
				3ABA55E81E3BCD4D00CFD24D /* Frameworks */,
				3ABA55E91E3BCD4D00CFD24D /* Resources */,
				CA3C8EBEE6750B2F2462074A /* [CP] Embed Pods Frameworks */,
				98E4DE3B7955579A7BEB7BDF /* [CP] Copy Pods Resources */,
			);
			buildRules = (
			);
			dependencies = (
			);
			name = Vyayamshala;
			productName = Vyayamshala;
			productReference = 3ABA55EB1E3BCD4E00CFD24D /* Vyayamshala.app */;
			productType = "com.apple.product-type.application";
		};
		3ABA56011E3BCD4E00CFD24D /* VyayamshalaTests */ = {
			isa = PBXNativeTarget;
			buildConfigurationList = 3ABA56191E3BCD4E00CFD24D /* Build configuration list for PBXNativeTarget "VyayamshalaTests" */;
			buildPhases = (
				A026CF9012BF63DF62D9B77B /* [CP] Check Pods Manifest.lock */,
				3ABA55FE1E3BCD4E00CFD24D /* Sources */,
				3ABA55FF1E3BCD4E00CFD24D /* Frameworks */,
				3ABA56001E3BCD4E00CFD24D /* Resources */,
				EB9DAD6A8226B7E9C0912FB7 /* [CP] Embed Pods Frameworks */,
				C58DF5598C7FABC578D035D7 /* [CP] Copy Pods Resources */,
			);
			buildRules = (
			);
			dependencies = (
				3ABA56041E3BCD4E00CFD24D /* PBXTargetDependency */,
			);
			name = VyayamshalaTests;
			productName = VyayamshalaTests;
			productReference = 3ABA56021E3BCD4E00CFD24D /* VyayamshalaTests.xctest */;
			productType = "com.apple.product-type.bundle.unit-test";
		};
		3ABA560C1E3BCD4E00CFD24D /* VyayamshalaUITests */ = {
			isa = PBXNativeTarget;
			buildConfigurationList = 3ABA561C1E3BCD4E00CFD24D /* Build configuration list for PBXNativeTarget "VyayamshalaUITests" */;
			buildPhases = (
				35059C8E33FF94A1B9C39D49 /* [CP] Check Pods Manifest.lock */,
				3ABA56091E3BCD4E00CFD24D /* Sources */,
				3ABA560A1E3BCD4E00CFD24D /* Frameworks */,
				3ABA560B1E3BCD4E00CFD24D /* Resources */,
				E8E93DE51F08A19D5FC042A6 /* [CP] Embed Pods Frameworks */,
				A0443641011EACA3608B9ABD /* [CP] Copy Pods Resources */,
			);
			buildRules = (
			);
			dependencies = (
				3ABA560F1E3BCD4E00CFD24D /* PBXTargetDependency */,
			);
			name = VyayamshalaUITests;
			productName = VyayamshalaUITests;
			productReference = 3ABA560D1E3BCD4E00CFD24D /* VyayamshalaUITests.xctest */;
			productType = "com.apple.product-type.bundle.ui-testing";
		};
/* End PBXNativeTarget section */

/* Begin PBXProject section */
		3ABA55E31E3BCD4D00CFD24D /* Project object */ = {
			isa = PBXProject;
			attributes = {
				LastSwiftUpdateCheck = 0820;
				LastUpgradeCheck = 0940;
				ORGANIZATIONNAME = "saket bhushan";
				TargetAttributes = {
					3ABA55EA1E3BCD4D00CFD24D = {
						CreatedOnToolsVersion = 8.2.1;
						DevelopmentTeam = 69ZQ3P494A;
						LastSwiftMigration = 0820;
						ProvisioningStyle = Automatic;
					};
					3ABA56011E3BCD4E00CFD24D = {
						CreatedOnToolsVersion = 8.2.1;
						LastSwiftMigration = 0940;
						ProvisioningStyle = Automatic;
						TestTargetID = 3ABA55EA1E3BCD4D00CFD24D;
					};
					3ABA560C1E3BCD4E00CFD24D = {
						CreatedOnToolsVersion = 8.2.1;
						LastSwiftMigration = 0940;
						ProvisioningStyle = Automatic;
						TestTargetID = 3ABA55EA1E3BCD4D00CFD24D;
					};
				};
			};
			buildConfigurationList = 3ABA55E61E3BCD4D00CFD24D /* Build configuration list for PBXProject "Vyayamshala" */;
			compatibilityVersion = "Xcode 3.2";
			developmentRegion = English;
			hasScannedForEncodings = 0;
			knownRegions = (
				en,
				Base,
			);
			mainGroup = 3ABA55E21E3BCD4D00CFD24D;
			productRefGroup = 3ABA55EC1E3BCD4E00CFD24D /* Products */;
			projectDirPath = "";
			projectRoot = "";
			targets = (
				3ABA55EA1E3BCD4D00CFD24D /* Vyayamshala */,
				3ABA56011E3BCD4E00CFD24D /* VyayamshalaTests */,
				3ABA560C1E3BCD4E00CFD24D /* VyayamshalaUITests */,
			);
		};
/* End PBXProject section */

/* Begin PBXResourcesBuildPhase section */
		3ABA55E91E3BCD4D00CFD24D /* Resources */ = {
			isa = PBXResourcesBuildPhase;
			buildActionMask = 2147483647;
			files = (
				3ABA55FC1E3BCD4E00CFD24D /* LaunchScreen.storyboard in Resources */,
				3ABA55F91E3BCD4E00CFD24D /* Assets.xcassets in Resources */,
				3AB4D8A820FD0C0C0002B891 /* Vyayamshala.storyboard in Resources */,
				3A3728AD1E5032CE004D92FB /* GoogleService-Info.plist in Resources */,
			);
			runOnlyForDeploymentPostprocessing = 0;
		};
		3ABA56001E3BCD4E00CFD24D /* Resources */ = {
			isa = PBXResourcesBuildPhase;
			buildActionMask = 2147483647;
			files = (
			);
			runOnlyForDeploymentPostprocessing = 0;
		};
		3ABA560B1E3BCD4E00CFD24D /* Resources */ = {
			isa = PBXResourcesBuildPhase;
			buildActionMask = 2147483647;
			files = (
			);
			runOnlyForDeploymentPostprocessing = 0;
		};
/* End PBXResourcesBuildPhase section */

/* Begin PBXShellScriptBuildPhase section */
		35059C8E33FF94A1B9C39D49 /* [CP] Check Pods Manifest.lock */ = {
			isa = PBXShellScriptBuildPhase;
			buildActionMask = 2147483647;
			files = (
			);
			inputPaths = (
			);
			name = "[CP] Check Pods Manifest.lock";
			outputPaths = (
			);
			runOnlyForDeploymentPostprocessing = 0;
			shellPath = /bin/sh;
			shellScript = "diff \"${PODS_ROOT}/../Podfile.lock\" \"${PODS_ROOT}/Manifest.lock\" > /dev/null\nif [ $? != 0 ] ; then\n    # print error to STDERR\n    echo \"error: The sandbox is not in sync with the Podfile.lock. Run 'pod install' or update your CocoaPods installation.\" >&2\n    exit 1\nfi\n";
			showEnvVarsInLog = 0;
		};
		98E4DE3B7955579A7BEB7BDF /* [CP] Copy Pods Resources */ = {
			isa = PBXShellScriptBuildPhase;
			buildActionMask = 2147483647;
			files = (
			);
			inputPaths = (
			);
			name = "[CP] Copy Pods Resources";
			outputPaths = (
			);
			runOnlyForDeploymentPostprocessing = 0;
			shellPath = /bin/sh;
			shellScript = "\"${SRCROOT}/Pods/Target Support Files/Pods-Vyayamshala/Pods-Vyayamshala-resources.sh\"\n";
			showEnvVarsInLog = 0;
		};
		A026CF9012BF63DF62D9B77B /* [CP] Check Pods Manifest.lock */ = {
			isa = PBXShellScriptBuildPhase;
			buildActionMask = 2147483647;
			files = (
			);
			inputPaths = (
			);
			name = "[CP] Check Pods Manifest.lock";
			outputPaths = (
			);
			runOnlyForDeploymentPostprocessing = 0;
			shellPath = /bin/sh;
			shellScript = "diff \"${PODS_ROOT}/../Podfile.lock\" \"${PODS_ROOT}/Manifest.lock\" > /dev/null\nif [ $? != 0 ] ; then\n    # print error to STDERR\n    echo \"error: The sandbox is not in sync with the Podfile.lock. Run 'pod install' or update your CocoaPods installation.\" >&2\n    exit 1\nfi\n";
			showEnvVarsInLog = 0;
		};
		A0443641011EACA3608B9ABD /* [CP] Copy Pods Resources */ = {
			isa = PBXShellScriptBuildPhase;
			buildActionMask = 2147483647;
			files = (
			);
			inputPaths = (
			);
			name = "[CP] Copy Pods Resources";
			outputPaths = (
			);
			runOnlyForDeploymentPostprocessing = 0;
			shellPath = /bin/sh;
			shellScript = "\"${SRCROOT}/Pods/Target Support Files/Pods-VyayamshalaUITests/Pods-VyayamshalaUITests-resources.sh\"\n";
			showEnvVarsInLog = 0;
		};
		C58DF5598C7FABC578D035D7 /* [CP] Copy Pods Resources */ = {
			isa = PBXShellScriptBuildPhase;
			buildActionMask = 2147483647;
			files = (
			);
			inputPaths = (
			);
			name = "[CP] Copy Pods Resources";
			outputPaths = (
			);
			runOnlyForDeploymentPostprocessing = 0;
			shellPath = /bin/sh;
			shellScript = "\"${SRCROOT}/Pods/Target Support Files/Pods-VyayamshalaTests/Pods-VyayamshalaTests-resources.sh\"\n";
			showEnvVarsInLog = 0;
		};
		CA3C8EBEE6750B2F2462074A /* [CP] Embed Pods Frameworks */ = {
			isa = PBXShellScriptBuildPhase;
			buildActionMask = 2147483647;
			files = (
			);
			inputPaths = (
			);
			name = "[CP] Embed Pods Frameworks";
			outputPaths = (
			);
			runOnlyForDeploymentPostprocessing = 0;
			shellPath = /bin/sh;
			shellScript = "\"${SRCROOT}/Pods/Target Support Files/Pods-Vyayamshala/Pods-Vyayamshala-frameworks.sh\"\n";
			showEnvVarsInLog = 0;
		};
		D74E6CA8A4CA327477D0A090 /* [CP] Check Pods Manifest.lock */ = {
			isa = PBXShellScriptBuildPhase;
			buildActionMask = 2147483647;
			files = (
			);
			inputPaths = (
			);
			name = "[CP] Check Pods Manifest.lock";
			outputPaths = (
			);
			runOnlyForDeploymentPostprocessing = 0;
			shellPath = /bin/sh;
			shellScript = "diff \"${PODS_ROOT}/../Podfile.lock\" \"${PODS_ROOT}/Manifest.lock\" > /dev/null\nif [ $? != 0 ] ; then\n    # print error to STDERR\n    echo \"error: The sandbox is not in sync with the Podfile.lock. Run 'pod install' or update your CocoaPods installation.\" >&2\n    exit 1\nfi\n";
			showEnvVarsInLog = 0;
		};
		E8E93DE51F08A19D5FC042A6 /* [CP] Embed Pods Frameworks */ = {
			isa = PBXShellScriptBuildPhase;
			buildActionMask = 2147483647;
			files = (
			);
			inputPaths = (
			);
			name = "[CP] Embed Pods Frameworks";
			outputPaths = (
			);
			runOnlyForDeploymentPostprocessing = 0;
			shellPath = /bin/sh;
			shellScript = "\"${SRCROOT}/Pods/Target Support Files/Pods-VyayamshalaUITests/Pods-VyayamshalaUITests-frameworks.sh\"\n";
			showEnvVarsInLog = 0;
		};
		EB9DAD6A8226B7E9C0912FB7 /* [CP] Embed Pods Frameworks */ = {
			isa = PBXShellScriptBuildPhase;
			buildActionMask = 2147483647;
			files = (
			);
			inputPaths = (
			);
			name = "[CP] Embed Pods Frameworks";
			outputPaths = (
			);
			runOnlyForDeploymentPostprocessing = 0;
			shellPath = /bin/sh;
			shellScript = "\"${SRCROOT}/Pods/Target Support Files/Pods-VyayamshalaTests/Pods-VyayamshalaTests-frameworks.sh\"\n";
			showEnvVarsInLog = 0;
		};
/* End PBXShellScriptBuildPhase section */

/* Begin PBXSourcesBuildPhase section */
		3ABA55E71E3BCD4D00CFD24D /* Sources */ = {
			isa = PBXSourcesBuildPhase;
			buildActionMask = 2147483647;
			files = (
				3AC0F4FA2100E3AA007DFC1D /* PeopleAndStoriesProtocols.swift in Sources */,
				3ABED6382101859400A26167 /* PeopleNameStories.swift in Sources */,
				3AB4D8AB20FD15FD0002B891 /* NavigationViewController.swift in Sources */,
				3AD5641E21034E8D00CFA682 /* CircularLabel.swift in Sources */,
				3AD22EB921023F5600CCE4AE /* GymAlternativeHomeRemediesRouter.swift in Sources */,
				3AB4D8A220FD0BBC0002B891 /* HomePresenter.swift in Sources */,
				3AB4D8A320FD0BBC0002B891 /* HomeProtocols.swift in Sources */,
				3AC3433E21035FD700019440 /* FitnessAndDietPresenter.swift in Sources */,
				3ACA929E2100336B00032BC0 /* Util.swift in Sources */,
				3ADDD90D2100ED7500B36A0F /* Extensions.swift in Sources */,
				3AC0F4FB2100E3AA007DFC1D /* PeopleAndStoriesRouter.swift in Sources */,
				3AB4D8A520FD0BBC0002B891 /* HomeViewController.swift in Sources */,
				3AC3434121035FD700019440 /* FitnessAndDietViewController.swift in Sources */,
				3AC0F4F92100E3AA007DFC1D /* PeopleAndStoriesPresenter.swift in Sources */,
				3AC3434A21037CDA00019440 /* Fitness.swift in Sources */,
				3AD22EB821023F5600CCE4AE /* GymAlternativeHomeRemediesProtocols.swift in Sources */,
				3ABE03BE20FDA44E00D0208F /* HomeTableViewCell.swift in Sources */,
				3AC0F5022100E590007DFC1D /* StoriesTableViewCell.swift in Sources */,
				3AC8C6561E60B8FC00032665 /* URL_Food.swift in Sources */,
				3ABA55EF1E3BCD4E00CFD24D /* AppDelegate.swift in Sources */,
				3ADDD90F2100F5A100B36A0F /* PeopleCollectionViewCell.swift in Sources */,
				3AD22EBF2102410000CCE4AE /* GymAletnativesHomeRemediesCollectionViewCell.swift in Sources */,
				3AC3434021035FD700019440 /* FitnessAndDietRouter.swift in Sources */,
				3AC0F4F82100E3AA007DFC1D /* PeopleAndStoriesInteractor.swift in Sources */,
				3AC0F5002100E57A007DFC1D /* PeopleScrollTableViewCell.swift in Sources */,
				3A9A598D2103030C001230D2 /* GymAlternatives.swift in Sources */,
				3A9A59892102FC32001230D2 /* HomeRemedy.swift in Sources */,
				3AC3433F21035FD700019440 /* FitnessAndDietProtocols.swift in Sources */,
				3AD22EB721023F5600CCE4AE /* GymAlternativeHomeRemediesPresenter.swift in Sources */,
				3AA477101E61898C003AB322 /* URL_Gym.swift in Sources */,
				3AB3FDCB1E3D0B1C00B18B61 /* VyayamshalaConstants.swift in Sources */,
				3AC0F4FC2100E3AA007DFC1D /* PeopleAndStoriesViewController.swift in Sources */,
				3AC3434D2103805100019440 /* FoodNFitnessCollectionViewCell.swift in Sources */,
				3AC3434821037C0F00019440 /* Food.swift in Sources */,
				3AD22EBA21023F5600CCE4AE /* GymAlternativeHomeRemediesViewController.swift in Sources */,
				3ABA55F71E3BCD4E00CFD24D /* Vyayamshala.xcdatamodeld in Sources */,
				3AC343452103639200019440 /* HomeModel.swift in Sources */,
				3AB4D8A420FD0BBC0002B891 /* HomeRouter.swift in Sources */,
			);
			runOnlyForDeploymentPostprocessing = 0;
		};
		3ABA55FE1E3BCD4E00CFD24D /* Sources */ = {
			isa = PBXSourcesBuildPhase;
			buildActionMask = 2147483647;
			files = (
				3ABA56071E3BCD4E00CFD24D /* VyayamshalaTests.swift in Sources */,
			);
			runOnlyForDeploymentPostprocessing = 0;
		};
		3ABA56091E3BCD4E00CFD24D /* Sources */ = {
			isa = PBXSourcesBuildPhase;
			buildActionMask = 2147483647;
			files = (
				3ABA56121E3BCD4E00CFD24D /* VyayamshalaUITests.swift in Sources */,
			);
			runOnlyForDeploymentPostprocessing = 0;
		};
/* End PBXSourcesBuildPhase section */

/* Begin PBXTargetDependency section */
		3ABA56041E3BCD4E00CFD24D /* PBXTargetDependency */ = {
			isa = PBXTargetDependency;
			target = 3ABA55EA1E3BCD4D00CFD24D /* Vyayamshala */;
			targetProxy = 3ABA56031E3BCD4E00CFD24D /* PBXContainerItemProxy */;
		};
		3ABA560F1E3BCD4E00CFD24D /* PBXTargetDependency */ = {
			isa = PBXTargetDependency;
			target = 3ABA55EA1E3BCD4D00CFD24D /* Vyayamshala */;
			targetProxy = 3ABA560E1E3BCD4E00CFD24D /* PBXContainerItemProxy */;
		};
/* End PBXTargetDependency section */

/* Begin PBXVariantGroup section */
		3ABA55FA1E3BCD4E00CFD24D /* LaunchScreen.storyboard */ = {
			isa = PBXVariantGroup;
			children = (
				3ABA55FB1E3BCD4E00CFD24D /* Base */,
			);
			name = LaunchScreen.storyboard;
			sourceTree = "<group>";
		};
/* End PBXVariantGroup section */

/* Begin XCBuildConfiguration section */
		3ABA56141E3BCD4E00CFD24D /* Debug */ = {
			isa = XCBuildConfiguration;
			buildSettings = {
				ALWAYS_SEARCH_USER_PATHS = NO;
				CLANG_ANALYZER_NONNULL = YES;
				CLANG_CXX_LANGUAGE_STANDARD = "gnu++0x";
				CLANG_CXX_LIBRARY = "libc++";
				CLANG_ENABLE_MODULES = YES;
				CLANG_ENABLE_OBJC_ARC = YES;
				CLANG_WARN_BLOCK_CAPTURE_AUTORELEASING = YES;
				CLANG_WARN_BOOL_CONVERSION = YES;
				CLANG_WARN_COMMA = YES;
				CLANG_WARN_CONSTANT_CONVERSION = YES;
				CLANG_WARN_DEPRECATED_OBJC_IMPLEMENTATIONS = YES;
				CLANG_WARN_DIRECT_OBJC_ISA_USAGE = YES_ERROR;
				CLANG_WARN_DOCUMENTATION_COMMENTS = YES;
				CLANG_WARN_EMPTY_BODY = YES;
				CLANG_WARN_ENUM_CONVERSION = YES;
				CLANG_WARN_INFINITE_RECURSION = YES;
				CLANG_WARN_INT_CONVERSION = YES;
				CLANG_WARN_NON_LITERAL_NULL_CONVERSION = YES;
				CLANG_WARN_OBJC_IMPLICIT_RETAIN_SELF = YES;
				CLANG_WARN_OBJC_LITERAL_CONVERSION = YES;
				CLANG_WARN_OBJC_ROOT_CLASS = YES_ERROR;
				CLANG_WARN_RANGE_LOOP_ANALYSIS = YES;
				CLANG_WARN_STRICT_PROTOTYPES = YES;
				CLANG_WARN_SUSPICIOUS_MOVE = YES;
				CLANG_WARN_UNREACHABLE_CODE = YES;
				CLANG_WARN__DUPLICATE_METHOD_MATCH = YES;
				"CODE_SIGN_IDENTITY[sdk=iphoneos*]" = "iPhone Developer";
				COPY_PHASE_STRIP = NO;
				DEBUG_INFORMATION_FORMAT = dwarf;
				ENABLE_STRICT_OBJC_MSGSEND = YES;
				ENABLE_TESTABILITY = YES;
				GCC_C_LANGUAGE_STANDARD = gnu99;
				GCC_DYNAMIC_NO_PIC = NO;
				GCC_NO_COMMON_BLOCKS = YES;
				GCC_OPTIMIZATION_LEVEL = 0;
				GCC_PREPROCESSOR_DEFINITIONS = (
					"DEBUG=1",
					"$(inherited)",
				);
				GCC_WARN_64_TO_32_BIT_CONVERSION = YES;
				GCC_WARN_ABOUT_RETURN_TYPE = YES_ERROR;
				GCC_WARN_UNDECLARED_SELECTOR = YES;
				GCC_WARN_UNINITIALIZED_AUTOS = YES_AGGRESSIVE;
				GCC_WARN_UNUSED_FUNCTION = YES;
				GCC_WARN_UNUSED_VARIABLE = YES;
				IPHONEOS_DEPLOYMENT_TARGET = 10.2;
				MTL_ENABLE_DEBUG_INFO = YES;
				ONLY_ACTIVE_ARCH = YES;
				SDKROOT = iphoneos;
				SWIFT_ACTIVE_COMPILATION_CONDITIONS = DEBUG;
				SWIFT_OPTIMIZATION_LEVEL = "-Onone";
				TARGETED_DEVICE_FAMILY = "1,2";
			};
			name = Debug;
		};
		3ABA56151E3BCD4E00CFD24D /* Release */ = {
			isa = XCBuildConfiguration;
			buildSettings = {
				ALWAYS_SEARCH_USER_PATHS = NO;
				CLANG_ANALYZER_NONNULL = YES;
				CLANG_CXX_LANGUAGE_STANDARD = "gnu++0x";
				CLANG_CXX_LIBRARY = "libc++";
				CLANG_ENABLE_MODULES = YES;
				CLANG_ENABLE_OBJC_ARC = YES;
				CLANG_WARN_BLOCK_CAPTURE_AUTORELEASING = YES;
				CLANG_WARN_BOOL_CONVERSION = YES;
				CLANG_WARN_COMMA = YES;
				CLANG_WARN_CONSTANT_CONVERSION = YES;
				CLANG_WARN_DEPRECATED_OBJC_IMPLEMENTATIONS = YES;
				CLANG_WARN_DIRECT_OBJC_ISA_USAGE = YES_ERROR;
				CLANG_WARN_DOCUMENTATION_COMMENTS = YES;
				CLANG_WARN_EMPTY_BODY = YES;
				CLANG_WARN_ENUM_CONVERSION = YES;
				CLANG_WARN_INFINITE_RECURSION = YES;
				CLANG_WARN_INT_CONVERSION = YES;
				CLANG_WARN_NON_LITERAL_NULL_CONVERSION = YES;
				CLANG_WARN_OBJC_IMPLICIT_RETAIN_SELF = YES;
				CLANG_WARN_OBJC_LITERAL_CONVERSION = YES;
				CLANG_WARN_OBJC_ROOT_CLASS = YES_ERROR;
				CLANG_WARN_RANGE_LOOP_ANALYSIS = YES;
				CLANG_WARN_STRICT_PROTOTYPES = YES;
				CLANG_WARN_SUSPICIOUS_MOVE = YES;
				CLANG_WARN_UNREACHABLE_CODE = YES;
				CLANG_WARN__DUPLICATE_METHOD_MATCH = YES;
				"CODE_SIGN_IDENTITY[sdk=iphoneos*]" = "iPhone Developer";
				COPY_PHASE_STRIP = NO;
				DEBUG_INFORMATION_FORMAT = "dwarf-with-dsym";
				ENABLE_NS_ASSERTIONS = NO;
				ENABLE_STRICT_OBJC_MSGSEND = YES;
				GCC_C_LANGUAGE_STANDARD = gnu99;
				GCC_NO_COMMON_BLOCKS = YES;
				GCC_WARN_64_TO_32_BIT_CONVERSION = YES;
				GCC_WARN_ABOUT_RETURN_TYPE = YES_ERROR;
				GCC_WARN_UNDECLARED_SELECTOR = YES;
				GCC_WARN_UNINITIALIZED_AUTOS = YES_AGGRESSIVE;
				GCC_WARN_UNUSED_FUNCTION = YES;
				GCC_WARN_UNUSED_VARIABLE = YES;
				IPHONEOS_DEPLOYMENT_TARGET = 10.2;
				MTL_ENABLE_DEBUG_INFO = NO;
				SDKROOT = iphoneos;
				SWIFT_OPTIMIZATION_LEVEL = "-Owholemodule";
				TARGETED_DEVICE_FAMILY = "1,2";
				VALIDATE_PRODUCT = YES;
			};
			name = Release;
		};
		3ABA56171E3BCD4E00CFD24D /* Debug */ = {
			isa = XCBuildConfiguration;
			baseConfigurationReference = 0DFD41AAD5870B3B00E1E0F8 /* Pods-Vyayamshala.debug.xcconfig */;
			buildSettings = {
				ASSETCATALOG_COMPILER_APPICON_NAME = AppIcon;
				CLANG_ENABLE_MODULES = YES;
				CODE_SIGN_IDENTITY = "iPhone Developer";
				"CODE_SIGN_IDENTITY[sdk=iphoneos*]" = "iPhone Developer";
				DEVELOPMENT_TEAM = 69ZQ3P494A;
				INFOPLIST_FILE = Vyayamshala/Info.plist;
				IPHONEOS_DEPLOYMENT_TARGET = 11.0;
				LD_RUNPATH_SEARCH_PATHS = "$(inherited) @executable_path/Frameworks";
				PRODUCT_BUNDLE_IDENTIFIER = com.saket.Vyayamshala;
				PRODUCT_NAME = "$(TARGET_NAME)";
				SWIFT_OBJC_BRIDGING_HEADER = "Vyayamshala-Bridging-Header.h";
				SWIFT_OPTIMIZATION_LEVEL = "-Onone";
				SWIFT_VERSION = 4.0;
				TARGETED_DEVICE_FAMILY = "1,2";
			};
			name = Debug;
		};
		3ABA56181E3BCD4E00CFD24D /* Release */ = {
			isa = XCBuildConfiguration;
			baseConfigurationReference = A3362A70B58014E0B59F8208 /* Pods-Vyayamshala.release.xcconfig */;
			buildSettings = {
				ASSETCATALOG_COMPILER_APPICON_NAME = AppIcon;
				CLANG_ENABLE_MODULES = YES;
				CODE_SIGN_IDENTITY = "iPhone Developer";
				"CODE_SIGN_IDENTITY[sdk=iphoneos*]" = "iPhone Developer";
				DEVELOPMENT_TEAM = 69ZQ3P494A;
				INFOPLIST_FILE = Vyayamshala/Info.plist;
				IPHONEOS_DEPLOYMENT_TARGET = 11.0;
				LD_RUNPATH_SEARCH_PATHS = "$(inherited) @executable_path/Frameworks";
				PRODUCT_BUNDLE_IDENTIFIER = com.saket.Vyayamshala;
				PRODUCT_NAME = "$(TARGET_NAME)";
				SWIFT_OBJC_BRIDGING_HEADER = "Vyayamshala-Bridging-Header.h";
				SWIFT_VERSION = 4.0;
				TARGETED_DEVICE_FAMILY = "1,2";
			};
			name = Release;
		};
		3ABA561A1E3BCD4E00CFD24D /* Debug */ = {
			isa = XCBuildConfiguration;
			baseConfigurationReference = DFD2D4868B1148114DE51CEE /* Pods-VyayamshalaTests.debug.xcconfig */;
			buildSettings = {
				ALWAYS_EMBED_SWIFT_STANDARD_LIBRARIES = YES;
				BUNDLE_LOADER = "$(TEST_HOST)";
				INFOPLIST_FILE = VyayamshalaTests/Info.plist;
				LD_RUNPATH_SEARCH_PATHS = "$(inherited) @executable_path/Frameworks @loader_path/Frameworks";
				PRODUCT_BUNDLE_IDENTIFIER = com.saket.VyayamshalaTests;
				PRODUCT_NAME = "$(TARGET_NAME)";
				SWIFT_SWIFT3_OBJC_INFERENCE = On;
				SWIFT_VERSION = 4.0;
				TEST_HOST = "$(BUILT_PRODUCTS_DIR)/Vyayamshala.app/Vyayamshala";
			};
			name = Debug;
		};
		3ABA561B1E3BCD4E00CFD24D /* Release */ = {
			isa = XCBuildConfiguration;
			baseConfigurationReference = EAE96B8E8AC9F6AB31D27370 /* Pods-VyayamshalaTests.release.xcconfig */;
			buildSettings = {
				ALWAYS_EMBED_SWIFT_STANDARD_LIBRARIES = YES;
				BUNDLE_LOADER = "$(TEST_HOST)";
				INFOPLIST_FILE = VyayamshalaTests/Info.plist;
				LD_RUNPATH_SEARCH_PATHS = "$(inherited) @executable_path/Frameworks @loader_path/Frameworks";
				PRODUCT_BUNDLE_IDENTIFIER = com.saket.VyayamshalaTests;
				PRODUCT_NAME = "$(TARGET_NAME)";
				SWIFT_SWIFT3_OBJC_INFERENCE = On;
				SWIFT_VERSION = 4.0;
				TEST_HOST = "$(BUILT_PRODUCTS_DIR)/Vyayamshala.app/Vyayamshala";
			};
			name = Release;
		};
		3ABA561D1E3BCD4E00CFD24D /* Debug */ = {
			isa = XCBuildConfiguration;
			baseConfigurationReference = C2F75410F963C8BAC099F4CA /* Pods-VyayamshalaUITests.debug.xcconfig */;
			buildSettings = {
				ALWAYS_EMBED_SWIFT_STANDARD_LIBRARIES = YES;
				INFOPLIST_FILE = VyayamshalaUITests/Info.plist;
				LD_RUNPATH_SEARCH_PATHS = "$(inherited) @executable_path/Frameworks @loader_path/Frameworks";
				PRODUCT_BUNDLE_IDENTIFIER = com.saket.VyayamshalaUITests;
				PRODUCT_NAME = "$(TARGET_NAME)";
				SWIFT_SWIFT3_OBJC_INFERENCE = On;
				SWIFT_VERSION = 4.0;
				TEST_TARGET_NAME = Vyayamshala;
			};
			name = Debug;
		};
		3ABA561E1E3BCD4E00CFD24D /* Release */ = {
			isa = XCBuildConfiguration;
			baseConfigurationReference = E798704858E819C2E21F5F6E /* Pods-VyayamshalaUITests.release.xcconfig */;
			buildSettings = {
				ALWAYS_EMBED_SWIFT_STANDARD_LIBRARIES = YES;
				INFOPLIST_FILE = VyayamshalaUITests/Info.plist;
				LD_RUNPATH_SEARCH_PATHS = "$(inherited) @executable_path/Frameworks @loader_path/Frameworks";
				PRODUCT_BUNDLE_IDENTIFIER = com.saket.VyayamshalaUITests;
				PRODUCT_NAME = "$(TARGET_NAME)";
				SWIFT_SWIFT3_OBJC_INFERENCE = On;
				SWIFT_VERSION = 4.0;
				TEST_TARGET_NAME = Vyayamshala;
			};
			name = Release;
		};
/* End XCBuildConfiguration section */

/* Begin XCConfigurationList section */
		3ABA55E61E3BCD4D00CFD24D /* Build configuration list for PBXProject "Vyayamshala" */ = {
			isa = XCConfigurationList;
			buildConfigurations = (
				3ABA56141E3BCD4E00CFD24D /* Debug */,
				3ABA56151E3BCD4E00CFD24D /* Release */,
			);
			defaultConfigurationIsVisible = 0;
			defaultConfigurationName = Release;
		};
		3ABA56161E3BCD4E00CFD24D /* Build configuration list for PBXNativeTarget "Vyayamshala" */ = {
			isa = XCConfigurationList;
			buildConfigurations = (
				3ABA56171E3BCD4E00CFD24D /* Debug */,
				3ABA56181E3BCD4E00CFD24D /* Release */,
			);
			defaultConfigurationIsVisible = 0;
			defaultConfigurationName = Release;
		};
		3ABA56191E3BCD4E00CFD24D /* Build configuration list for PBXNativeTarget "VyayamshalaTests" */ = {
			isa = XCConfigurationList;
			buildConfigurations = (
				3ABA561A1E3BCD4E00CFD24D /* Debug */,
				3ABA561B1E3BCD4E00CFD24D /* Release */,
			);
			defaultConfigurationIsVisible = 0;
			defaultConfigurationName = Release;
		};
		3ABA561C1E3BCD4E00CFD24D /* Build configuration list for PBXNativeTarget "VyayamshalaUITests" */ = {
			isa = XCConfigurationList;
			buildConfigurations = (
				3ABA561D1E3BCD4E00CFD24D /* Debug */,
				3ABA561E1E3BCD4E00CFD24D /* Release */,
			);
			defaultConfigurationIsVisible = 0;
			defaultConfigurationName = Release;
		};
/* End XCConfigurationList section */

/* Begin XCVersionGroup section */
		3ABA55F51E3BCD4E00CFD24D /* Vyayamshala.xcdatamodeld */ = {
			isa = XCVersionGroup;
			children = (
				3ABA55F61E3BCD4E00CFD24D /* Vyayamshala.xcdatamodel */,
			);
			currentVersion = 3ABA55F61E3BCD4E00CFD24D /* Vyayamshala.xcdatamodel */;
			path = Vyayamshala.xcdatamodeld;
			sourceTree = "<group>";
			versionGroupType = wrapper.xcdatamodel;
		};
/* End XCVersionGroup section */
	};
	rootObject = 3ABA55E31E3BCD4D00CFD24D /* Project object */;
}
